{
  "version": 4,
  "terraform_version": "0.13.5",
  "serial": 6,
  "lineage": "b95b7ca4-b60d-dcd6-da65-010659f8b8ce",
  "outputs": {},
  "resources": [
    {
      "mode": "data",
      "type": "template_file",
      "name": "network_config",
      "provider": "provider[\"registry.terraform.io/hashicorp/template\"]",
      "instances": [
        {
          "schema_version": 0,
          "attributes": {
            "filename": null,
            "id": "b36a1372ce4ea68b514354202c26c0365df9a17f25cd5acdeeaea525cd913edc",
            "rendered": "version: 2\nethernets:\n  ens3:\n    dhcp4: true\n",
            "template": "version: 2\nethernets:\n  ens3:\n    dhcp4: true\n",
            "vars": null
          }
        }
      ]
    },
    {
      "mode": "data",
      "type": "template_file",
      "name": "user_data",
      "provider": "provider[\"registry.terraform.io/hashicorp/template\"]",
      "instances": [
        {
          "schema_version": 0,
          "attributes": {
            "filename": null,
            "id": "7a7c7ee9db5463f5a18d463d80bd649947fdfa808cd94c4a6b8a89eb0cf0f1e2",
            "rendered": "\n#cloud-config\n# vim: syntax=yaml\n#\n# ***********************\n# \t---- for more examples look at: ------\n# ---\u003e https://cloudinit.readthedocs.io/en/latest/topics/examples.html\n# ******************************\n#\n# This is the configuration syntax that the write_files module\n# will know how to understand. encoding can be given b64 or gzip or (gz+b64).\n# The content will be decoded accordingly and then written to the path that is\n# provided.\n#\n# Note: Content strings here are truncated for example purposes.\nssh_pwauth: True\nchpasswd:\n  list: |\n     root:terraform-libvirt-linux\n  expire: False\nusers:\n  - name: test\n    sudo: ALL=(ALL) NOPASSWD:ALL\n    ssh-authorized_keys:\n      - ssh-rsa AAAAB3NzaC1yc2EAAAADAQABAAABAQCtwDvhG4HZatCHWq/kdn0hpCKGzNE83+r+5EjpMcw3Gv5cvHPt38nn3jkisitHv48KChhBDsFXzK8XuAJljpuaxsq7P8qXy8tOA3ZV4pVajrqlY5drMMjJHvuUcD7hu5KaTYhj63SdYi6U/9RddwK7y68AuWf/kfAQE1Ab4+0o8eZm4FiIpwsgZr+telSbBq6sD2V0IVntncr7to9EF4SU8Jk8KfPCBbbgPy+hQ2REPo/T8xGWKHnpA6V6A0bEUwweN6Dx4eNVhFch9kKKlP0XiXU5YULgGlyXPsGqePYAIvgT6e4AbD32qfECut/jrPiAFxCMdIe0LPGiG2OfUySV ak\n",
            "template": "\n#cloud-config\n# vim: syntax=yaml\n#\n# ***********************\n# \t---- for more examples look at: ------\n# ---\u003e https://cloudinit.readthedocs.io/en/latest/topics/examples.html\n# ******************************\n#\n# This is the configuration syntax that the write_files module\n# will know how to understand. encoding can be given b64 or gzip or (gz+b64).\n# The content will be decoded accordingly and then written to the path that is\n# provided.\n#\n# Note: Content strings here are truncated for example purposes.\nssh_pwauth: True\nchpasswd:\n  list: |\n     root:terraform-libvirt-linux\n  expire: False\nusers:\n  - name: test\n    sudo: ALL=(ALL) NOPASSWD:ALL\n    ssh-authorized_keys:\n      - ssh-rsa AAAAB3NzaC1yc2EAAAADAQABAAABAQCtwDvhG4HZatCHWq/kdn0hpCKGzNE83+r+5EjpMcw3Gv5cvHPt38nn3jkisitHv48KChhBDsFXzK8XuAJljpuaxsq7P8qXy8tOA3ZV4pVajrqlY5drMMjJHvuUcD7hu5KaTYhj63SdYi6U/9RddwK7y68AuWf/kfAQE1Ab4+0o8eZm4FiIpwsgZr+telSbBq6sD2V0IVntncr7to9EF4SU8Jk8KfPCBbbgPy+hQ2REPo/T8xGWKHnpA6V6A0bEUwweN6Dx4eNVhFch9kKKlP0XiXU5YULgGlyXPsGqePYAIvgT6e4AbD32qfECut/jrPiAFxCMdIe0LPGiG2OfUySV ak\n",
            "vars": null
          }
        }
      ]
    },
    {
      "mode": "managed",
      "type": "libvirt_cloudinit_disk",
      "name": "commoninit",
      "provider": "provider[\"registry.terraform.io/dmacvicar/libvirt\"]",
      "instances": [
        {
          "schema_version": 0,
          "attributes": {
            "id": "/tmp/terraform-provider-libvirt-pool-ubuntu/commoninit.iso;5fbba778-7f74-9c7a-5d52-c1d9c1e4ee00",
            "meta_data": "",
            "name": "commoninit.iso",
            "network_config": "version: 2\nethernets:\n  ens3:\n    dhcp4: true\n",
            "pool": "ubuntu",
            "user_data": "\n#cloud-config\n# vim: syntax=yaml\n#\n# ***********************\n# \t---- for more examples look at: ------\n# ---\u003e https://cloudinit.readthedocs.io/en/latest/topics/examples.html\n# ******************************\n#\n# This is the configuration syntax that the write_files module\n# will know how to understand. encoding can be given b64 or gzip or (gz+b64).\n# The content will be decoded accordingly and then written to the path that is\n# provided.\n#\n# Note: Content strings here are truncated for example purposes.\nssh_pwauth: True\nchpasswd:\n  list: |\n     root:terraform-libvirt-linux\n  expire: False\nusers:\n  - name: test\n    sudo: ALL=(ALL) NOPASSWD:ALL\n    ssh-authorized_keys:\n      - ssh-rsa AAAAB3NzaC1yc2EAAAADAQABAAABAQCtwDvhG4HZatCHWq/kdn0hpCKGzNE83+r+5EjpMcw3Gv5cvHPt38nn3jkisitHv48KChhBDsFXzK8XuAJljpuaxsq7P8qXy8tOA3ZV4pVajrqlY5drMMjJHvuUcD7hu5KaTYhj63SdYi6U/9RddwK7y68AuWf/kfAQE1Ab4+0o8eZm4FiIpwsgZr+telSbBq6sD2V0IVntncr7to9EF4SU8Jk8KfPCBbbgPy+hQ2REPo/T8xGWKHnpA6V6A0bEUwweN6Dx4eNVhFch9kKKlP0XiXU5YULgGlyXPsGqePYAIvgT6e4AbD32qfECut/jrPiAFxCMdIe0LPGiG2OfUySV ak\n"
          },
          "private": "bnVsbA==",
          "dependencies": [
            "data.template_file.network_config",
            "data.template_file.user_data",
            "libvirt_pool.ubuntu"
          ]
        }
      ]
    },
    {
      "mode": "managed",
      "type": "libvirt_domain",
      "name": "domain-ubuntu",
      "provider": "provider[\"registry.terraform.io/dmacvicar/libvirt\"]",
      "instances": [
        {
          "schema_version": 0,
          "attributes": {
            "arch": "x86_64",
            "autostart": false,
            "boot_device": [],
            "cloudinit": "/tmp/terraform-provider-libvirt-pool-ubuntu/commoninit.iso;5fbba778-7f74-9c7a-5d52-c1d9c1e4ee00",
            "cmdline": null,
            "console": [
              {
                "source_host": "127.0.0.1",
                "source_path": "",
                "source_service": "0",
                "target_port": "0",
                "target_type": "serial",
                "type": "pty"
              },
              {
                "source_host": "127.0.0.1",
                "source_path": "",
                "source_service": "0",
                "target_port": "1",
                "target_type": "virtio",
                "type": "pty"
              }
            ],
            "coreos_ignition": null,
            "cpu": null,
            "description": "",
            "disk": [
              {
                "block_device": "",
                "file": "",
                "scsi": false,
                "url": "",
                "volume_id": "/tmp/terraform-provider-libvirt-pool-ubuntu/ubuntu-qcow2",
                "wwn": ""
              }
            ],
            "emulator": "/usr/bin/qemu-system-x86_64",
            "filesystem": [],
            "firmware": "",
            "fw_cfg_name": "opt/com.coreos/config",
            "graphics": [
              {
                "autoport": true,
                "listen_address": "127.0.0.1",
                "listen_type": "address",
                "type": "spice"
              }
            ],
            "id": "68453fb2-47ef-49a4-8810-586403620ee8",
            "initrd": "",
            "kernel": "",
            "machine": "ubuntu",
            "memory": 512,
            "metadata": null,
            "name": "ubuntu-terraform",
            "network_interface": [
              {
                "addresses": [],
                "bridge": "",
                "hostname": "",
                "mac": "52:54:00:A6:9D:A2",
                "macvtap": "",
                "network_id": "fe6d4f1f-6a6e-416f-bb1d-cd2ae7f78680",
                "network_name": "tf",
                "passthrough": "",
                "vepa": "",
                "wait_for_lease": false
              }
            ],
            "nvram": [],
            "qemu_agent": false,
            "running": true,
            "timeouts": null,
            "vcpu": 1,
            "video": [],
            "xml": []
          },
          "private": "eyJlMmJmYjczMC1lY2FhLTExZTYtOGY4OC0zNDM2M2JjN2M0YzAiOnsiY3JlYXRlIjozMDAwMDAwMDAwMDB9fQ==",
          "dependencies": [
            "data.template_file.network_config",
            "data.template_file.user_data",
            "libvirt_cloudinit_disk.commoninit",
            "libvirt_pool.ubuntu",
            "libvirt_volume.ubuntu-qcow2"
          ]
        }
      ]
    },
    {
      "mode": "managed",
      "type": "libvirt_network",
      "name": "tf",
      "provider": "provider[\"registry.terraform.io/dmacvicar/libvirt\"]",
      "instances": [
        {
          "schema_version": 0,
          "attributes": {
            "addresses": [
              "10.0.100.0/24"
            ],
            "autostart": false,
            "bridge": "virbr1",
            "dhcp": [],
            "dns": [],
            "domain": "tf.local",
            "id": "fe6d4f1f-6a6e-416f-bb1d-cd2ae7f78680",
            "mode": "nat",
            "mtu": null,
            "name": "tf",
            "routes": [],
            "xml": []
          },
          "private": "bnVsbA=="
        }
      ]
    },
    {
      "mode": "managed",
      "type": "libvirt_pool",
      "name": "ubuntu",
      "provider": "provider[\"registry.terraform.io/dmacvicar/libvirt\"]",
      "instances": [
        {
          "schema_version": 0,
          "attributes": {
            "allocation": 6767501312,
            "available": null,
            "capacity": 19942490112,
            "id": "104e36e4-1283-482c-807c-4333c6a9ebe5",
            "name": "ubuntu",
            "path": "/tmp/terraform-provider-libvirt-pool-ubuntu",
            "type": "dir",
            "xml": []
          },
          "private": "bnVsbA=="
        }
      ]
    },
    {
      "mode": "managed",
      "type": "libvirt_volume",
      "name": "ubuntu-qcow2",
      "provider": "provider[\"registry.terraform.io/dmacvicar/libvirt\"]",
      "instances": [
        {
          "schema_version": 0,
          "attributes": {
            "base_volume_id": null,
            "base_volume_name": null,
            "base_volume_pool": null,
            "format": "qcow2",
            "id": "/tmp/terraform-provider-libvirt-pool-ubuntu/ubuntu-qcow2",
            "name": "ubuntu-qcow2",
            "pool": "ubuntu",
            "size": 2361393152,
            "source": "https://cloud-images.ubuntu.com/releases/xenial/release/ubuntu-16.04-server-cloudimg-amd64-disk1.img",
            "xml": []
          },
          "private": "bnVsbA==",
          "dependencies": [
            "libvirt_pool.ubuntu"
          ]
        }
      ]
    }
  ]
}
